
Microsoft Visual Studio Solution File, Format Version 12.00
# Visual Studio 15
VisualStudioVersion = 15.0.27703.2000
MinimumVisualStudioVersion = 10.0.40219.1
Project("{FAE04EC0-301F-11D3-BF4B-00C04F79EFBC}") = "VkClient", "VkClient.csproj", "{B0BBF45C-2B70-40E9-9204-993C0C4A5EC6}"
EndProject
Global
	GlobalSection(SolutionConfigurationPlatforms) = preSolution
		Debug|Any CPU = Debug|Any CPU
		Release|Any CPU = Release|Any CPU
	EndGlobalSection
	GlobalSection(ProjectConfigurationPlatforms) = postSolution
		{B0BBF45C-2B70-40E9-9204-993C0C4A5EC6}.Debug|Any CPU.ActiveCfg = Debug|Any CPU
		{B0BBF45C-2B70-40E9-9204-993C0C4A5EC6}.Debug|Any CPU.Build.0 = Debug|Any CPU
		{B0BBF45C-2B70-40E9-9204-993C0C4A5EC6}.Release|Any CPU.ActiveCfg = Release|Any CPU
		{B0BBF45C-2B70-40E9-9204-993C0C4A5EC6}.Release|Any CPU.Build.0 = Release|Any CPU
	EndGlobalSection
	GlobalSection(SolutionProperties) = preSolution
		HideSolutionNode = FALSE
	EndGlobalSection
	GlobalSection(ExtensibilityGlobals) = postSolution
		SolutionGuid = {3485BBA3-F6DF-4E05-8A08-CAB7E7D4D472}
	EndGlobalSection
EndGlobal
